// !$*UTF8*$!
{
	archiveVersion = 1;
	classes = {
	};
	objectVersion = 56;
	objects = {

/* Begin PBXBuildFile section */
		C2AAD0692C3530D70020D9D3 /* VITRO CORE TTF.ttf in Resources */ = {isa = PBXBuildFile; fileRef = C2AAD0652C3530D70020D9D3 /* VITRO CORE TTF.ttf */; };
		C2AAD06A2C3530D70020D9D3 /* VITRO INSPIRE TTF.ttf in Resources */ = {isa = PBXBuildFile; fileRef = C2AAD0662C3530D70020D9D3 /* VITRO INSPIRE TTF.ttf */; };
		C2AAD06B2C3530D70020D9D3 /* VITRO PRIDE TTF.ttf in Resources */ = {isa = PBXBuildFile; fileRef = C2AAD0672C3530D70020D9D3 /* VITRO PRIDE TTF.ttf */; };
		C2AAD06D2C3532DB0020D9D3 /* CoffeeCollectionViewCellDelegate.swift in Sources */ = {isa = PBXBuildFile; fileRef = C2AAD06C2C3532DB0020D9D3 /* CoffeeCollectionViewCellDelegate.swift */; };
		E525401F2C3441F500A743B0 /* CoffeeCollectionViewCell.swift in Sources */ = {isa = PBXBuildFile; fileRef = E525401E2C3441F500A743B0 /* CoffeeCollectionViewCell.swift */; };
		E52540212C34423100A743B0 /* HeaderUI.swift in Sources */ = {isa = PBXBuildFile; fileRef = E52540202C34423100A743B0 /* HeaderUI.swift */; };
		E52540252C34429A00A743B0 /* CoffeeClubModel.swift in Sources */ = {isa = PBXBuildFile; fileRef = E52540242C34429A00A743B0 /* CoffeeClubModel.swift */; };
		F42A74122C33BACB00763AEA /* AppDelegate.swift in Sources */ = {isa = PBXBuildFile; fileRef = F42A74112C33BACB00763AEA /* AppDelegate.swift */; };
		F42A74142C33BACB00763AEA /* SceneDelegate.swift in Sources */ = {isa = PBXBuildFile; fileRef = F42A74132C33BACB00763AEA /* SceneDelegate.swift */; };
		F42A74162C33BACB00763AEA /* ViewController.swift in Sources */ = {isa = PBXBuildFile; fileRef = F42A74152C33BACB00763AEA /* ViewController.swift */; };
		F42A741B2C33BACD00763AEA /* Assets.xcassets in Resources */ = {isa = PBXBuildFile; fileRef = F42A741A2C33BACD00763AEA /* Assets.xcassets */; };
		F42A741E2C33BACD00763AEA /* Base in Resources */ = {isa = PBXBuildFile; fileRef = F42A741D2C33BACD00763AEA /* Base */; };
		F42A74292C33BFA800763AEA /* Menu.swift in Sources */ = {isa = PBXBuildFile; fileRef = F42A74282C33BFA800763AEA /* Menu.swift */; };
		F42A742B2C33BFBB00763AEA /* CustomMainView.swift in Sources */ = {isa = PBXBuildFile; fileRef = F42A742A2C33BFBB00763AEA /* CustomMainView.swift */; };
		F42A742E2C33C22700763AEA /* SnapKit in Frameworks */ = {isa = PBXBuildFile; productRef = F42A742D2C33C22700763AEA /* SnapKit */; };
		F42A743A2C33F70E00763AEA /* Extension.swift in Sources */ = {isa = PBXBuildFile; fileRef = F42A74392C33F70E00763AEA /* Extension.swift */; };
		F44FEC812C3438E2006EB88F /* PaymentVC.swift in Sources */ = {isa = PBXBuildFile; fileRef = F44FEC802C3438E2006EB88F /* PaymentVC.swift */; };
		F44FEC832C343916006EB88F /* PaymentTableViewCell.swift in Sources */ = {isa = PBXBuildFile; fileRef = F44FEC822C343916006EB88F /* PaymentTableViewCell.swift */; };
		F44FEC852C345378006EB88F /* PaymentView.swift in Sources */ = {isa = PBXBuildFile; fileRef = F44FEC842C345378006EB88F /* PaymentView.swift */; };
/* End PBXBuildFile section */

/* Begin PBXFileReference section */
		C2AAD0652C3530D70020D9D3 /* VITRO CORE TTF.ttf */ = {isa = PBXFileReference; lastKnownFileType = file; path = "VITRO CORE TTF.ttf"; sourceTree = "<group>"; };
		C2AAD0662C3530D70020D9D3 /* VITRO INSPIRE TTF.ttf */ = {isa = PBXFileReference; lastKnownFileType = file; path = "VITRO INSPIRE TTF.ttf"; sourceTree = "<group>"; };
		C2AAD0672C3530D70020D9D3 /* VITRO PRIDE TTF.ttf */ = {isa = PBXFileReference; lastKnownFileType = file; path = "VITRO PRIDE TTF.ttf"; sourceTree = "<group>"; };
		C2AAD06C2C3532DB0020D9D3 /* CoffeeCollectionViewCellDelegate.swift */ = {isa = PBXFileReference; lastKnownFileType = sourcecode.swift; path = CoffeeCollectionViewCellDelegate.swift; sourceTree = "<group>"; };
		E525401E2C3441F500A743B0 /* CoffeeCollectionViewCell.swift */ = {isa = PBXFileReference; lastKnownFileType = sourcecode.swift; path = CoffeeCollectionViewCell.swift; sourceTree = "<group>"; };
		E52540202C34423100A743B0 /* HeaderUI.swift */ = {isa = PBXFileReference; lastKnownFileType = sourcecode.swift; path = HeaderUI.swift; sourceTree = "<group>"; };
		E52540242C34429A00A743B0 /* CoffeeClubModel.swift */ = {isa = PBXFileReference; lastKnownFileType = sourcecode.swift; name = CoffeeClubModel.swift; path = CoffeeClub/Model/CoffeeClubModel.swift; sourceTree = SOURCE_ROOT; };
		F42A740E2C33BACB00763AEA /* CoffeeClub.app */ = {isa = PBXFileReference; explicitFileType = wrapper.application; includeInIndex = 0; path = CoffeeClub.app; sourceTree = BUILT_PRODUCTS_DIR; };
		F42A74112C33BACB00763AEA /* AppDelegate.swift */ = {isa = PBXFileReference; lastKnownFileType = sourcecode.swift; path = AppDelegate.swift; sourceTree = "<group>"; };
		F42A74132C33BACB00763AEA /* SceneDelegate.swift */ = {isa = PBXFileReference; lastKnownFileType = sourcecode.swift; path = SceneDelegate.swift; sourceTree = "<group>"; };
		F42A74152C33BACB00763AEA /* ViewController.swift */ = {isa = PBXFileReference; lastKnownFileType = sourcecode.swift; path = ViewController.swift; sourceTree = "<group>"; };
		F42A741A2C33BACD00763AEA /* Assets.xcassets */ = {isa = PBXFileReference; lastKnownFileType = folder.assetcatalog; path = Assets.xcassets; sourceTree = "<group>"; };
		F42A741D2C33BACD00763AEA /* Base */ = {isa = PBXFileReference; lastKnownFileType = file.storyboard; name = Base; path = Base.lproj/LaunchScreen.storyboard; sourceTree = "<group>"; };
		F42A741F2C33BACD00763AEA /* Info.plist */ = {isa = PBXFileReference; lastKnownFileType = text.plist.xml; path = Info.plist; sourceTree = "<group>"; };
		F42A74282C33BFA800763AEA /* Menu.swift */ = {isa = PBXFileReference; lastKnownFileType = sourcecode.swift; path = Menu.swift; sourceTree = "<group>"; };
		F42A742A2C33BFBB00763AEA /* CustomMainView.swift */ = {isa = PBXFileReference; lastKnownFileType = sourcecode.swift; path = CustomMainView.swift; sourceTree = "<group>"; };
		F42A74392C33F70E00763AEA /* Extension.swift */ = {isa = PBXFileReference; lastKnownFileType = sourcecode.swift; path = Extension.swift; sourceTree = "<group>"; };
		F44FEC802C3438E2006EB88F /* PaymentVC.swift */ = {isa = PBXFileReference; lastKnownFileType = sourcecode.swift; path = PaymentVC.swift; sourceTree = "<group>"; };
		F44FEC822C343916006EB88F /* PaymentTableViewCell.swift */ = {isa = PBXFileReference; fileEncoding = 4; lastKnownFileType = sourcecode.swift; path = PaymentTableViewCell.swift; sourceTree = "<group>"; };
		F44FEC842C345378006EB88F /* PaymentView.swift */ = {isa = PBXFileReference; lastKnownFileType = sourcecode.swift; path = PaymentView.swift; sourceTree = "<group>"; };
/* End PBXFileReference section */

/* Begin PBXFrameworksBuildPhase section */
		F42A740B2C33BACB00763AEA /* Frameworks */ = {
			isa = PBXFrameworksBuildPhase;
			buildActionMask = 2147483647;
			files = (
				F42A742E2C33C22700763AEA /* SnapKit in Frameworks */,
			);
			runOnlyForDeploymentPostprocessing = 0;
		};
/* End PBXFrameworksBuildPhase section */

/* Begin PBXGroup section */
		C2AAD0682C3530D70020D9D3 /* VITRO_Font_TTF */ = {
			isa = PBXGroup;
			children = (
				C2AAD0652C3530D70020D9D3 /* VITRO CORE TTF.ttf */,
				C2AAD0662C3530D70020D9D3 /* VITRO INSPIRE TTF.ttf */,
				C2AAD0672C3530D70020D9D3 /* VITRO PRIDE TTF.ttf */,
			);
			path = VITRO_Font_TTF;
			sourceTree = "<group>";
		};
		F42A74052C33BACB00763AEA = {
			isa = PBXGroup;
			children = (
				F42A74102C33BACB00763AEA /* CoffeeClub */,
				F42A740F2C33BACB00763AEA /* Products */,
			);
			sourceTree = "<group>";
		};
		F42A740F2C33BACB00763AEA /* Products */ = {
			isa = PBXGroup;
			children = (
				F42A740E2C33BACB00763AEA /* CoffeeClub.app */,
			);
			name = Products;
			sourceTree = "<group>";
		};
		F42A74102C33BACB00763AEA /* CoffeeClub */ = {
			isa = PBXGroup;
			children = (
				F42A74112C33BACB00763AEA /* AppDelegate.swift */,
				F42A74132C33BACB00763AEA /* SceneDelegate.swift */,
				F42A74392C33F70E00763AEA /* Extension.swift */,
				F42A74272C33BEF600763AEA /* Model */,
				F42A74262C33BEF400763AEA /* View */,
				F42A74252C33BEF100763AEA /* Controller */,
				F42A741A2C33BACD00763AEA /* Assets.xcassets */,
				F42A741C2C33BACD00763AEA /* LaunchScreen.storyboard */,
				F42A741F2C33BACD00763AEA /* Info.plist */,
				C2AAD0682C3530D70020D9D3 /* VITRO_Font_TTF */,
			);
			path = CoffeeClub;
			sourceTree = "<group>";
		};
		F42A74252C33BEF100763AEA /* Controller */ = {
			isa = PBXGroup;
			children = (
				F42A74152C33BACB00763AEA /* ViewController.swift */,
				F44FEC802C3438E2006EB88F /* PaymentVC.swift */,
			);
			path = Controller;
			sourceTree = "<group>";
		};
		F42A74262C33BEF400763AEA /* View */ = {
			isa = PBXGroup;
			children = (
				E52540202C34423100A743B0 /* HeaderUI.swift */,
				E525401E2C3441F500A743B0 /* CoffeeCollectionViewCell.swift */,
				F44FEC822C343916006EB88F /* PaymentTableViewCell.swift */,
				F42A742A2C33BFBB00763AEA /* CustomMainView.swift */,
				F44FEC842C345378006EB88F /* PaymentView.swift */,
				C2AAD06C2C3532DB0020D9D3 /* CoffeeCollectionViewCellDelegate.swift */,
			);
			path = View;
			sourceTree = "<group>";
		};
		F42A74272C33BEF600763AEA /* Model */ = {
			isa = PBXGroup;
			children = (
				F42A74282C33BFA800763AEA /* Menu.swift */,
				E52540242C34429A00A743B0 /* CoffeeClubModel.swift */,
			);
			path = Model;
			sourceTree = "<group>";
		};
/* End PBXGroup section */

/* Begin PBXNativeTarget section */
		F42A740D2C33BACB00763AEA /* CoffeeClub */ = {
			isa = PBXNativeTarget;
			buildConfigurationList = F42A74222C33BACD00763AEA /* Build configuration list for PBXNativeTarget "CoffeeClub" */;
			buildPhases = (
				F42A740A2C33BACB00763AEA /* Sources */,
				F42A740B2C33BACB00763AEA /* Frameworks */,
				F42A740C2C33BACB00763AEA /* Resources */,
			);
			buildRules = (
			);
			dependencies = (
			);
			name = CoffeeClub;
			packageProductDependencies = (
				F42A742D2C33C22700763AEA /* SnapKit */,
			);
			productName = CoffeeClub;
			productReference = F42A740E2C33BACB00763AEA /* CoffeeClub.app */;
			productType = "com.apple.product-type.application";
		};
/* End PBXNativeTarget section */

/* Begin PBXProject section */
		F42A74062C33BACB00763AEA /* Project object */ = {
			isa = PBXProject;
			attributes = {
				BuildIndependentTargetsInParallel = 1;
				LastSwiftUpdateCheck = 1540;
				LastUpgradeCheck = 1540;
				TargetAttributes = {
					F42A740D2C33BACB00763AEA = {
						CreatedOnToolsVersion = 15.4;
					};
				};
			};
			buildConfigurationList = F42A74092C33BACB00763AEA /* Build configuration list for PBXProject "CoffeeClub" */;
			compatibilityVersion = "Xcode 14.0";
			developmentRegion = en;
			hasScannedForEncodings = 0;
			knownRegions = (
				en,
				Base,
			);
			mainGroup = F42A74052C33BACB00763AEA;
			packageReferences = (
				F42A742C2C33C22700763AEA /* XCRemoteSwiftPackageReference "SnapKit" */,
			);
			productRefGroup = F42A740F2C33BACB00763AEA /* Products */;
			projectDirPath = "";
			projectRoot = "";
			targets = (
				F42A740D2C33BACB00763AEA /* CoffeeClub */,
			);
		};
/* End PBXProject section */

/* Begin PBXResourcesBuildPhase section */
		F42A740C2C33BACB00763AEA /* Resources */ = {
			isa = PBXResourcesBuildPhase;
			buildActionMask = 2147483647;
			files = (
				F42A741B2C33BACD00763AEA /* Assets.xcassets in Resources */,
				C2AAD06A2C3530D70020D9D3 /* VITRO INSPIRE TTF.ttf in Resources */,
				F42A741E2C33BACD00763AEA /* Base in Resources */,
				C2AAD06B2C3530D70020D9D3 /* VITRO PRIDE TTF.ttf in Resources */,
				C2AAD0692C3530D70020D9D3 /* VITRO CORE TTF.ttf in Resources */,
			);
			runOnlyForDeploymentPostprocessing = 0;
		};
/* End PBXResourcesBuildPhase section */

/* Begin PBXSourcesBuildPhase section */
		F42A740A2C33BACB00763AEA /* Sources */ = {
			isa = PBXSourcesBuildPhase;
			buildActionMask = 2147483647;
			files = (
				F42A742B2C33BFBB00763AEA /* CustomMainView.swift in Sources */,
				F44FEC852C345378006EB88F /* PaymentView.swift in Sources */,
				F42A743A2C33F70E00763AEA /* Extension.swift in Sources */,
				E52540212C34423100A743B0 /* HeaderUI.swift in Sources */,
				F42A74162C33BACB00763AEA /* ViewController.swift in Sources */,
				F42A74122C33BACB00763AEA /* AppDelegate.swift in Sources */,
				E525401F2C3441F500A743B0 /* CoffeeCollectionViewCell.swift in Sources */,
				E52540252C34429A00A743B0 /* CoffeeClubModel.swift in Sources */,
				F42A74292C33BFA800763AEA /* Menu.swift in Sources */,
				F44FEC812C3438E2006EB88F /* PaymentVC.swift in Sources */,
				F44FEC832C343916006EB88F /* PaymentTableViewCell.swift in Sources */,
				F42A74142C33BACB00763AEA /* SceneDelegate.swift in Sources */,
				C2AAD06D2C3532DB0020D9D3 /* CoffeeCollectionViewCellDelegate.swift in Sources */,
			);
			runOnlyForDeploymentPostprocessing = 0;
		};
/* End PBXSourcesBuildPhase section */

/* Begin PBXVariantGroup section */
		F42A741C2C33BACD00763AEA /* LaunchScreen.storyboard */ = {
			isa = PBXVariantGroup;
			children = (
				F42A741D2C33BACD00763AEA /* Base */,
			);
			name = LaunchScreen.storyboard;
			sourceTree = "<group>";
		};
/* End PBXVariantGroup section */

/* Begin XCBuildConfiguration section */
		F42A74202C33BACD00763AEA /* Debug */ = {
			isa = XCBuildConfiguration;
			buildSettings = {
				ALWAYS_SEARCH_USER_PATHS = NO;
				ASSETCATALOG_COMPILER_GENERATE_SWIFT_ASSET_SYMBOL_EXTENSIONS = YES;
				CLANG_ANALYZER_NONNULL = YES;
				CLANG_ANALYZER_NUMBER_OBJECT_CONVERSION = YES_AGGRESSIVE;
				CLANG_CXX_LANGUAGE_STANDARD = "gnu++20";
				CLANG_ENABLE_MODULES = YES;
				CLANG_ENABLE_OBJC_ARC = YES;
				CLANG_ENABLE_OBJC_WEAK = YES;
				CLANG_WARN_BLOCK_CAPTURE_AUTORELEASING = YES;
				CLANG_WARN_BOOL_CONVERSION = YES;
				CLANG_WARN_COMMA = YES;
				CLANG_WARN_CONSTANT_CONVERSION = YES;
				CLANG_WARN_DEPRECATED_OBJC_IMPLEMENTATIONS = YES;
				CLANG_WARN_DIRECT_OBJC_ISA_USAGE = YES_ERROR;
				CLANG_WARN_DOCUMENTATION_COMMENTS = YES;
				CLANG_WARN_EMPTY_BODY = YES;
				CLANG_WARN_ENUM_CONVERSION = YES;
				CLANG_WARN_INFINITE_RECURSION = YES;
				CLANG_WARN_INT_CONVERSION = YES;
				CLANG_WARN_NON_LITERAL_NULL_CONVERSION = YES;
				CLANG_WARN_OBJC_IMPLICIT_RETAIN_SELF = YES;
				CLANG_WARN_OBJC_LITERAL_CONVERSION = YES;
				CLANG_WARN_OBJC_ROOT_CLASS = YES_ERROR;
				CLANG_WARN_QUOTED_INCLUDE_IN_FRAMEWORK_HEADER = YES;
				CLANG_WARN_RANGE_LOOP_ANALYSIS = YES;
				CLANG_WARN_STRICT_PROTOTYPES = YES;
				CLANG_WARN_SUSPICIOUS_MOVE = YES;
				CLANG_WARN_UNGUARDED_AVAILABILITY = YES_AGGRESSIVE;
				CLANG_WARN_UNREACHABLE_CODE = YES;
				CLANG_WARN__DUPLICATE_METHOD_MATCH = YES;
				COPY_PHASE_STRIP = NO;
				DEBUG_INFORMATION_FORMAT = dwarf;
				ENABLE_STRICT_OBJC_MSGSEND = YES;
				ENABLE_TESTABILITY = YES;
				ENABLE_USER_SCRIPT_SANDBOXING = YES;
				GCC_C_LANGUAGE_STANDARD = gnu17;
				GCC_DYNAMIC_NO_PIC = NO;
				GCC_NO_COMMON_BLOCKS = YES;
				GCC_OPTIMIZATION_LEVEL = 0;
				GCC_PREPROCESSOR_DEFINITIONS = (
					"DEBUG=1",
					"$(inherited)",
				);
				GCC_WARN_64_TO_32_BIT_CONVERSION = YES;
				GCC_WARN_ABOUT_RETURN_TYPE = YES_ERROR;
				GCC_WARN_UNDECLARED_SELECTOR = YES;
				GCC_WARN_UNINITIALIZED_AUTOS = YES_AGGRESSIVE;
				GCC_WARN_UNUSED_FUNCTION = YES;
				GCC_WARN_UNUSED_VARIABLE = YES;
				IPHONEOS_DEPLOYMENT_TARGET = 17.5;
				LOCALIZATION_PREFERS_STRING_CATALOGS = YES;
				MTL_ENABLE_DEBUG_INFO = INCLUDE_SOURCE;
				MTL_FAST_MATH = YES;
				ONLY_ACTIVE_ARCH = YES;
				SDKROOT = iphoneos;
				SWIFT_ACTIVE_COMPILATION_CONDITIONS = "DEBUG $(inherited)";
				SWIFT_OPTIMIZATION_LEVEL = "-Onone";
			};
			name = Debug;
		};
		F42A74212C33BACD00763AEA /* Release */ = {
			isa = XCBuildConfiguration;
			buildSettings = {
				ALWAYS_SEARCH_USER_PATHS = NO;
				ASSETCATALOG_COMPILER_GENERATE_SWIFT_ASSET_SYMBOL_EXTENSIONS = YES;
				CLANG_ANALYZER_NONNULL = YES;
				CLANG_ANALYZER_NUMBER_OBJECT_CONVERSION = YES_AGGRESSIVE;
				CLANG_CXX_LANGUAGE_STANDARD = "gnu++20";
				CLANG_ENABLE_MODULES = YES;
				CLANG_ENABLE_OBJC_ARC = YES;
				CLANG_ENABLE_OBJC_WEAK = YES;
				CLANG_WARN_BLOCK_CAPTURE_AUTORELEASING = YES;
				CLANG_WARN_BOOL_CONVERSION = YES;
				CLANG_WARN_COMMA = YES;
				CLANG_WARN_CONSTANT_CONVERSION = YES;
				CLANG_WARN_DEPRECATED_OBJC_IMPLEMENTATIONS = YES;
				CLANG_WARN_DIRECT_OBJC_ISA_USAGE = YES_ERROR;
				CLANG_WARN_DOCUMENTATION_COMMENTS = YES;
				CLANG_WARN_EMPTY_BODY = YES;
				CLANG_WARN_ENUM_CONVERSION = YES;
				CLANG_WARN_INFINITE_RECURSION = YES;
				CLANG_WARN_INT_CONVERSION = YES;
				CLANG_WARN_NON_LITERAL_NULL_CONVERSION = YES;
				CLANG_WARN_OBJC_IMPLICIT_RETAIN_SELF = YES;
				CLANG_WARN_OBJC_LITERAL_CONVERSION = YES;
				CLANG_WARN_OBJC_ROOT_CLASS = YES_ERROR;
				CLANG_WARN_QUOTED_INCLUDE_IN_FRAMEWORK_HEADER = YES;
				CLANG_WARN_RANGE_LOOP_ANALYSIS = YES;
				CLANG_WARN_STRICT_PROTOTYPES = YES;
				CLANG_WARN_SUSPICIOUS_MOVE = YES;
				CLANG_WARN_UNGUARDED_AVAILABILITY = YES_AGGRESSIVE;
				CLANG_WARN_UNREACHABLE_CODE = YES;
				CLANG_WARN__DUPLICATE_METHOD_MATCH = YES;
				COPY_PHASE_STRIP = NO;
				DEBUG_INFORMATION_FORMAT = "dwarf-with-dsym";
				ENABLE_NS_ASSERTIONS = NO;
				ENABLE_STRICT_OBJC_MSGSEND = YES;
				ENABLE_USER_SCRIPT_SANDBOXING = YES;
				GCC_C_LANGUAGE_STANDARD = gnu17;
				GCC_NO_COMMON_BLOCKS = YES;
				GCC_WARN_64_TO_32_BIT_CONVERSION = YES;
				GCC_WARN_ABOUT_RETURN_TYPE = YES_ERROR;
				GCC_WARN_UNDECLARED_SELECTOR = YES;
				GCC_WARN_UNINITIALIZED_AUTOS = YES_AGGRESSIVE;
				GCC_WARN_UNUSED_FUNCTION = YES;
				GCC_WARN_UNUSED_VARIABLE = YES;
				IPHONEOS_DEPLOYMENT_TARGET = 17.5;
				LOCALIZATION_PREFERS_STRING_CATALOGS = YES;
				MTL_ENABLE_DEBUG_INFO = NO;
				MTL_FAST_MATH = YES;
				SDKROOT = iphoneos;
				SWIFT_COMPILATION_MODE = wholemodule;
				VALIDATE_PRODUCT = YES;
			};
			name = Release;
		};
		F42A74232C33BACD00763AEA /* Debug */ = {
			isa = XCBuildConfiguration;
			buildSettings = {
				ASSETCATALOG_COMPILER_APPICON_NAME = AppIcon;
				ASSETCATALOG_COMPILER_GLOBAL_ACCENT_COLOR_NAME = AccentColor;
				CODE_SIGN_STYLE = Automatic;
				CURRENT_PROJECT_VERSION = 1;
				DEVELOPMENT_TEAM = 72GVCX2P2A;
				GENERATE_INFOPLIST_FILE = YES;
				INFOPLIST_FILE = CoffeeClub/Info.plist;
				INFOPLIST_KEY_UIApplicationSupportsIndirectInputEvents = YES;
				INFOPLIST_KEY_UILaunchStoryboardName = LaunchScreen;
				INFOPLIST_KEY_UISupportedInterfaceOrientations_iPad = "UIInterfaceOrientationPortrait UIInterfaceOrientationPortraitUpsideDown UIInterfaceOrientationLandscapeLeft UIInterfaceOrientationLandscapeRight";
				INFOPLIST_KEY_UISupportedInterfaceOrientations_iPhone = "UIInterfaceOrientationPortrait UIInterfaceOrientationLandscapeLeft UIInterfaceOrientationLandscapeRight";
				IPHONEOS_DEPLOYMENT_TARGET = 17.0;
				LD_RUNPATH_SEARCH_PATHS = (
					"$(inherited)",
					"@executable_path/Frameworks",
				);
				MARKETING_VERSION = 1.0;
				PRODUCT_BUNDLE_IDENTIFIER = com.soojang.CoffeeClub;
				PRODUCT_NAME = "$(TARGET_NAME)";
				SWIFT_EMIT_LOC_STRINGS = YES;
				SWIFT_VERSION = 5.0;
				TARGETED_DEVICE_FAMILY = "1,2";
			};
			name = Debug;
		};
		F42A74242C33BACD00763AEA /* Release */ = {
			isa = XCBuildConfiguration;
			buildSettings = {
				ASSETCATALOG_COMPILER_APPICON_NAME = AppIcon;
				ASSETCATALOG_COMPILER_GLOBAL_ACCENT_COLOR_NAME = AccentColor;
				CODE_SIGN_STYLE = Automatic;
				CURRENT_PROJECT_VERSION = 1;
				DEVELOPMENT_TEAM = 72GVCX2P2A;
				GENERATE_INFOPLIST_FILE = YES;
				INFOPLIST_FILE = CoffeeClub/Info.plist;
				INFOPLIST_KEY_UIApplicationSupportsIndirectInputEvents = YES;
				INFOPLIST_KEY_UILaunchStoryboardName = LaunchScreen;
				INFOPLIST_KEY_UISupportedInterfaceOrientations_iPad = "UIInterfaceOrientationPortrait UIInterfaceOrientationPortraitUpsideDown UIInterfaceOrientationLandscapeLeft UIInterfaceOrientationLandscapeRight";
				INFOPLIST_KEY_UISupportedInterfaceOrientations_iPhone = "UIInterfaceOrientationPortrait UIInterfaceOrientationLandscapeLeft UIInterfaceOrientationLandscapeRight";
				IPHONEOS_DEPLOYMENT_TARGET = 17.0;
				LD_RUNPATH_SEARCH_PATHS = (
					"$(inherited)",
					"@executable_path/Frameworks",
				);
				MARKETING_VERSION = 1.0;
				PRODUCT_BUNDLE_IDENTIFIER = com.soojang.CoffeeClub;
				PRODUCT_NAME = "$(TARGET_NAME)";
				SWIFT_EMIT_LOC_STRINGS = YES;
				SWIFT_VERSION = 5.0;
				TARGETED_DEVICE_FAMILY = "1,2";
			};
			name = Release;
		};
/* End XCBuildConfiguration section */

/* Begin XCConfigurationList section */
		F42A74092C33BACB00763AEA /* Build configuration list for PBXProject "CoffeeClub" */ = {
			isa = XCConfigurationList;
			buildConfigurations = (
				F42A74202C33BACD00763AEA /* Debug */,
				F42A74212C33BACD00763AEA /* Release */,
			);
			defaultConfigurationIsVisible = 0;
			defaultConfigurationName = Release;
		};
		F42A74222C33BACD00763AEA /* Build configuration list for PBXNativeTarget "CoffeeClub" */ = {
			isa = XCConfigurationList;
			buildConfigurations = (
				F42A74232C33BACD00763AEA /* Debug */,
				F42A74242C33BACD00763AEA /* Release */,
			);
			defaultConfigurationIsVisible = 0;
			defaultConfigurationName = Release;
		};
/* End XCConfigurationList section */

/* Begin XCRemoteSwiftPackageReference section */
		F42A742C2C33C22700763AEA /* XCRemoteSwiftPackageReference "SnapKit" */ = {
			isa = XCRemoteSwiftPackageReference;
			repositoryURL = "https://github.com/SnapKit/SnapKit.git";
			requirement = {
				kind = upToNextMajorVersion;
				minimumVersion = 5.7.1;
			};
		};
/* End XCRemoteSwiftPackageReference section */

/* Begin XCSwiftPackageProductDependency section */
		F42A742D2C33C22700763AEA /* SnapKit */ = {
			isa = XCSwiftPackageProductDependency;
			package = F42A742C2C33C22700763AEA /* XCRemoteSwiftPackageReference "SnapKit" */;
			productName = SnapKit;
		};
/* End XCSwiftPackageProductDependency section */
	};
	rootObject = F42A74062C33BACB00763AEA /* Project object */;
}
